{
  "name": "@pramodyadav027/skills-pm",
  "version": "1.0.6",
  "lockfileVersion": 3,
  "requires": true,
  "packages": {
    "": {
      "name": "@pramodyadav027/skills-pm",
      "version": "1.0.6",
      "license": "MIT",
      "bin": {
        "skills-pm": "bin/skills-sync.js"
      },
      "engines": {
        "node": ">=18"
      }
    }
  }
}
