{
  "name": "@pramodyadav027/skills",
  "version": "1.0.0",
  "lockfileVersion": 3,
  "requires": true,
  "packages": {
    "": {
      "name": "@pramodyadav027/skills",
      "version": "1.0.0",
      "license": "MIT",
      "dependencies": {
        "@pramodyadav027/skills": "^1.0.0"
      },
      "bin": {
        "skills": "bin/skills-sync.js"
      },
      "engines": {
        "node": ">=18"
      }
    },
    "node_modules/@pramodyadav027/skills": {
      "version": "1.0.0",
      "resolved": "https://registry.npmjs.org/@pramodyadav027/skills/-/skills-1.0.0.tgz",
      "integrity": "sha512-kXVGa+oJMan6266o1Y1A2tYCSaYZbU05x0t/r9XA1/olIEZWX0QjsB+AQ7k8BDNaUAcOOByB6CZq8HEYgkET6Q==",
      "license": "MIT",
      "bin": {
        "skills": "bin/skills-sync.js"
      },
      "engines": {
        "node": ">=18"
      }
    }
  }
}
